
Microsoft Visual Studio Solution File, Format Version 12.00
# Visual Studio Version 17
VisualStudioVersion = 17.3.32811.315
MinimumVisualStudioVersion = 10.0.40219.1
Project("{FAE04EC0-301F-11D3-BF4B-00C04F79EFBC}") = "Text08", "Text08.csproj", "{D0B82151-CBE4-41D0-99C7-C113955D589C}"
EndProject
Global
	GlobalSection(SolutionConfigurationPlatforms) = preSolution
		Debug|Any CPU = Debug|Any CPU
		Release|Any CPU = Release|Any CPU
	EndGlobalSection
	GlobalSection(ProjectConfigurationPlatforms) = postSolution
		{D0B82151-CBE4-41D0-99C7-C113955D589C}.Debug|Any CPU.ActiveCfg = Debug|Any CPU
		{D0B82151-CBE4-41D0-99C7-C113955D589C}.Debug|Any CPU.Build.0 = Debug|Any CPU
		{D0B82151-CBE4-41D0-99C7-C113955D589C}.Release|Any CPU.ActiveCfg = Release|Any CPU
		{D0B82151-CBE4-41D0-99C7-C113955D589C}.Release|Any CPU.Build.0 = Release|Any CPU
	EndGlobalSection
	GlobalSection(SolutionProperties) = preSolution
		HideSolutionNode = FALSE
	EndGlobalSection
	GlobalSection(ExtensibilityGlobals) = postSolution
		SolutionGuid = {D782F92D-79C0-4A0C-B0D0-EBE113835DF0}
	EndGlobalSection
EndGlobal
